
Microsoft Visual Studio Solution File, Format Version 12.00
# Visual Studio Version 17
VisualStudioVersion = 17.14.36915.13
MinimumVisualStudioVersion = 10.0.40219.1
Project("{FAE04EC0-301F-11D3-BF4B-00C04F79EFBC}") = "JobTracker.Domain", "JobTracker.Domain\JobTracker.Domain.csproj", "{4CA380A4-92EE-4C64-AB10-6E4BA2960E01}"
EndProject
Project("{FAE04EC0-301F-11D3-BF4B-00C04F79EFBC}") = "JobTracker.Application", "JobTracker.Application\JobTracker.Application.csproj", "{74E9C0D1-4426-4C61-8572-4A4D7144F9D7}"
EndProject
Project("{FAE04EC0-301F-11D3-BF4B-00C04F79EFBC}") = "JobTracker.Infrastructure", "JobTracker.Infrastructure\JobTracker.Infrastructure.csproj", "{211E8569-210A-4E1B-AE9A-F566C9AD45AB}"
EndProject
Project("{FAE04EC0-301F-11D3-BF4B-00C04F79EFBC}") = "JobTracker.API", "JobTracker.API\JobTracker.API.csproj", "{762D4941-5B0F-45AC-B747-7966CC5EB6EB}"
EndProject
Global
	GlobalSection(SolutionConfigurationPlatforms) = preSolution
		Debug|Any CPU = Debug|Any CPU
		Release|Any CPU = Release|Any CPU
	EndGlobalSection
	GlobalSection(ProjectConfigurationPlatforms) = postSolution
		{4CA380A4-92EE-4C64-AB10-6E4BA2960E01}.Debug|Any CPU.ActiveCfg = Debug|Any CPU
		{4CA380A4-92EE-4C64-AB10-6E4BA2960E01}.Debug|Any CPU.Build.0 = Debug|Any CPU
		{4CA380A4-92EE-4C64-AB10-6E4BA2960E01}.Release|Any CPU.ActiveCfg = Release|Any CPU
		{4CA380A4-92EE-4C64-AB10-6E4BA2960E01}.Release|Any CPU.Build.0 = Release|Any CPU
		{74E9C0D1-4426-4C61-8572-4A4D7144F9D7}.Debug|Any CPU.ActiveCfg = Debug|Any CPU
		{74E9C0D1-4426-4C61-8572-4A4D7144F9D7}.Debug|Any CPU.Build.0 = Debug|Any CPU
		{74E9C0D1-4426-4C61-8572-4A4D7144F9D7}.Release|Any CPU.ActiveCfg = Release|Any CPU
		{74E9C0D1-4426-4C61-8572-4A4D7144F9D7}.Release|Any CPU.Build.0 = Release|Any CPU
		{211E8569-210A-4E1B-AE9A-F566C9AD45AB}.Debug|Any CPU.ActiveCfg = Debug|Any CPU
		{211E8569-210A-4E1B-AE9A-F566C9AD45AB}.Debug|Any CPU.Build.0 = Debug|Any CPU
		{211E8569-210A-4E1B-AE9A-F566C9AD45AB}.Release|Any CPU.ActiveCfg = Release|Any CPU
		{211E8569-210A-4E1B-AE9A-F566C9AD45AB}.Release|Any CPU.Build.0 = Release|Any CPU
		{762D4941-5B0F-45AC-B747-7966CC5EB6EB}.Debug|Any CPU.ActiveCfg = Debug|Any CPU
		{762D4941-5B0F-45AC-B747-7966CC5EB6EB}.Debug|Any CPU.Build.0 = Debug|Any CPU
		{762D4941-5B0F-45AC-B747-7966CC5EB6EB}.Release|Any CPU.ActiveCfg = Release|Any CPU
		{762D4941-5B0F-45AC-B747-7966CC5EB6EB}.Release|Any CPU.Build.0 = Release|Any CPU
	EndGlobalSection
	GlobalSection(SolutionProperties) = preSolution
		HideSolutionNode = FALSE
	EndGlobalSection
	GlobalSection(ExtensibilityGlobals) = postSolution
		SolutionGuid = {55494A6A-C9E8-403D-A2BD-ED8DCEEEF740}
	EndGlobalSection
EndGlobal
